
Microsoft Visual Studio Solution File, Format Version 11.00
# Visual C# Express 2010
Project("{FAE04EC0-301F-11D3-BF4B-00C04F79EFBC}") = "SpriterTest", "SpriterTest\SpriterTest\SpriterTest.csproj", "{97AFCCE8-559E-4A7E-83A9-25D00E27A7FE}"
EndProject
Project("{96E2B04D-8817-42C6-938A-82C39BA4D311}") = "SpriterTestContent", "SpriterTest\SpriterTestContent\SpriterTestContent.contentproj", "{CBFCC990-F4DC-4D3E-893C-8CAA2D62CDBD}"
EndProject
Global
	GlobalSection(SolutionConfigurationPlatforms) = preSolution
		Debug|x86 = Debug|x86
		Release|x86 = Release|x86
	EndGlobalSection
	GlobalSection(ProjectConfigurationPlatforms) = postSolution
		{97AFCCE8-559E-4A7E-83A9-25D00E27A7FE}.Debug|x86.ActiveCfg = Debug|x86
		{97AFCCE8-559E-4A7E-83A9-25D00E27A7FE}.Debug|x86.Build.0 = Debug|x86
		{97AFCCE8-559E-4A7E-83A9-25D00E27A7FE}.Release|x86.ActiveCfg = Release|x86
		{97AFCCE8-559E-4A7E-83A9-25D00E27A7FE}.Release|x86.Build.0 = Release|x86
		{CBFCC990-F4DC-4D3E-893C-8CAA2D62CDBD}.Debug|x86.ActiveCfg = Debug|x86
		{CBFCC990-F4DC-4D3E-893C-8CAA2D62CDBD}.Release|x86.ActiveCfg = Release|x86
	EndGlobalSection
	GlobalSection(SolutionProperties) = preSolution
		HideSolutionNode = FALSE
	EndGlobalSection
EndGlobal
